{
  "projects": [
    {
      "projectId": "84wxoth5npGrp6RRXPL88z",
      "version": "4.8.0",
      "dependencies": {},
      "lang": "ts",
      "fileLocks": [
        {
          "assetId": "84wxoth5npGrp6RRXPL88z",
          "type": "projectCss",
          "checksum": "19d873a43cd29ae40e2d9c68ba437a3e"
        },
        {
          "assetId": "84wxoth5npGrp6RRXPL88z",
          "checksum": "d5dcbb72688a7935971d853f790bc38e",
          "type": "globalContexts"
        }
      ],
      "codegenVersion": "0.0.1"
    },
    {
      "projectId": "58GpZjZCWTaJ8AUhpCwt2K",
      "version": "3.8.0",
      "dependencies": {},
      "lang": "ts",
      "fileLocks": [
        {
          "assetId": "58GpZjZCWTaJ8AUhpCwt2K",
          "type": "projectCss",
          "checksum": "dbf25c878cd885da8866557c058b53ff"
        }
      ],
      "codegenVersion": "0.0.1"
    },
    {
      "projectId": "b9eDNiZEPvCSqD2WYWQrPJ",
      "version": "latest",
      "dependencies": {
        "58GpZjZCWTaJ8AUhpCwt2K": "3.8.0",
        "84wxoth5npGrp6RRXPL88z": "4.8.0"
      },
      "lang": "ts",
      "fileLocks": [
        {
          "type": "globalVariant",
          "assetId": "pMm3HmCz_TEcO_",
          "checksum": "a7c0545ea84b7d3f6e3e1b57db9895d9"
        },
        {
          "assetId": "b9eDNiZEPvCSqD2WYWQrPJ",
          "type": "projectCss",
          "checksum": "08c329948395f258e69b08c7379ad0f3"
        },
        {
          "assetId": "b9eDNiZEPvCSqD2WYWQrPJ",
          "checksum": "3d8a6f43ebf7347157c12e0a4215eff4",
          "type": "globalContexts"
        },
        {
          "type": "renderModule",
          "assetId": "S9NZKiI8Oe6k2",
          "checksum": "332556b5cd601d7d48754c5720468595"
        },
        {
          "type": "cssRules",
          "assetId": "S9NZKiI8Oe6k2",
          "checksum": "332556b5cd601d7d48754c5720468595"
        },
        {
          "type": "renderModule",
          "assetId": "ujaKbsEdKJR_O",
          "checksum": "994a532610f8725ebeadf5532b99691f"
        },
        {
          "type": "cssRules",
          "assetId": "ujaKbsEdKJR_O",
          "checksum": "994a532610f8725ebeadf5532b99691f"
        },
        {
          "type": "renderModule",
          "assetId": "U8q8zPNQ6Cqsk",
          "checksum": "ce2e4d4e58dda3a62ede998effd62f29"
        },
        {
          "type": "cssRules",
          "assetId": "U8q8zPNQ6Cqsk",
          "checksum": "ce2e4d4e58dda3a62ede998effd62f29"
        },
        {
          "type": "renderModule",
          "assetId": "Msgi2616lMUHq",
          "checksum": "bbc2a51c567817d4e24c74912da83c6b"
        },
        {
          "type": "cssRules",
          "assetId": "Msgi2616lMUHq",
          "checksum": "bbc2a51c567817d4e24c74912da83c6b"
        },
        {
          "type": "renderModule",
          "assetId": "61SGjYpCYdRMcz",
          "checksum": "d3edf6a06ec70650d7b6694f174fd0a9"
        },
        {
          "type": "cssRules",
          "assetId": "61SGjYpCYdRMcz",
          "checksum": "d3edf6a06ec70650d7b6694f174fd0a9"
        },
        {
          "type": "renderModule",
          "assetId": "nbN1KsOlICFjnr",
          "checksum": "8ca8d7fb2403fa574e1fc8a9bf7f7d7c"
        },
        {
          "type": "cssRules",
          "assetId": "nbN1KsOlICFjnr",
          "checksum": "8ca8d7fb2403fa574e1fc8a9bf7f7d7c"
        },
        {
          "type": "renderModule",
          "assetId": "I_K72AJTn1AqKG",
          "checksum": "2530fbf47871dbe21d5f78f7843a7ccb"
        },
        {
          "type": "cssRules",
          "assetId": "I_K72AJTn1AqKG",
          "checksum": "2530fbf47871dbe21d5f78f7843a7ccb"
        },
        {
          "type": "renderModule",
          "assetId": "h206VdLoFLpU1T",
          "checksum": "1c15a92e87a44d37aa0bd614fce8ba34"
        },
        {
          "type": "cssRules",
          "assetId": "h206VdLoFLpU1T",
          "checksum": "1c15a92e87a44d37aa0bd614fce8ba34"
        },
        {
          "type": "renderModule",
          "assetId": "TDk-aeZzGqhn4i",
          "checksum": "d35afe1bcfe4c78d722eead2168fbe29"
        },
        {
          "type": "cssRules",
          "assetId": "TDk-aeZzGqhn4i",
          "checksum": "d35afe1bcfe4c78d722eead2168fbe29"
        },
        {
          "type": "renderModule",
          "assetId": "s5gea_spR-HZ-T",
          "checksum": "a6605297f7b22262b171a259ae92f503"
        },
        {
          "type": "cssRules",
          "assetId": "s5gea_spR-HZ-T",
          "checksum": "a6605297f7b22262b171a259ae92f503"
        },
        {
          "type": "renderModule",
          "assetId": "A76YuAnBPnNbw1",
          "checksum": "11831df50ae683915d9a93e4a490061a"
        },
        {
          "type": "cssRules",
          "assetId": "A76YuAnBPnNbw1",
          "checksum": "11831df50ae683915d9a93e4a490061a"
        },
        {
          "type": "renderModule",
          "assetId": "t3fhTTkD-uCWE6",
          "checksum": "2fad48d88fd0e54f3f6f74641cb9465e"
        },
        {
          "type": "cssRules",
          "assetId": "t3fhTTkD-uCWE6",
          "checksum": "2fad48d88fd0e54f3f6f74641cb9465e"
        },
        {
          "type": "icon",
          "assetId": "mVkzgIShYP1SI2",
          "checksum": "699dd622d448507abfc81bfae1799b98"
        },
        {
          "type": "icon",
          "assetId": "pJBbZv2T8YqeGM",
          "checksum": "dac177bbaf863e28bef62209cdb99a21"
        },
        {
          "type": "icon",
          "assetId": "Z85Y7uePdggYLU",
          "checksum": "d5daf0337f13fd12eafe5b097f5053e3"
        },
        {
          "type": "image",
          "assetId": "-1VB1-CXrJifz5",
          "checksum": "652e34ee35e6bae5a86d589f044fc2a4"
        },
        {
          "type": "image",
          "assetId": "lMlCMFzwbprXib",
          "checksum": "b8682c90a6d4e4ac56bc1cb6f89a2541"
        },
        {
          "type": "image",
          "assetId": "30XlJz8wWmL0cK",
          "checksum": "2a4654d0479bc94c18d70498915246eb"
        },
        {
          "type": "image",
          "assetId": "6qAmZyJuSC2w9o",
          "checksum": "412d560f467d9b4841baeccce7c61e47"
        },
        {
          "type": "image",
          "assetId": "l5LHmF4Wxc9iuY",
          "checksum": "36afaa7941653f0f320fb3036e7cf27d"
        },
        {
          "type": "image",
          "assetId": "1w8wZo4SGkR2RH",
          "checksum": "0fb58e84be2f74af0038a429544a7931"
        },
        {
          "type": "image",
          "assetId": "cOFe1vcFlWqxYj",
          "checksum": "d7007930436cf0ff163e1d155d62cf9d"
        },
        {
          "type": "image",
          "assetId": "uOX_fc1UKQXUlj",
          "checksum": "0ae0fb6c1b9ab618e9de5f145cfa99a7"
        },
        {
          "type": "image",
          "assetId": "uFVlDtnME5Da4h",
          "checksum": "78369492bbdeb79e6a7c6e67982475b4"
        },
        {
          "type": "image",
          "assetId": "wxb0bP73iJct0c",
          "checksum": "e2f311788c1bcab75d53a8f102c769e4"
        },
        {
          "type": "image",
          "assetId": "sVk6jiG-8kIpZJ",
          "checksum": "46f41765510b69c7ccff9ca19884994f"
        },
        {
          "type": "image",
          "assetId": "vjhiA3t8Gb1JB5",
          "checksum": "0fd5881ca974dc189261753a15662953"
        }
      ],
      "codegenVersion": "0.0.1"
    }
  ],
  "cliVersion": "0.1.211"
}
