{
  "projects": [
    {
      "projectId": "84wxoth5npGrp6RRXPL88z",
      "version": "4.8.0",
      "dependencies": {},
      "lang": "ts",
      "fileLocks": [
        {
          "assetId": "84wxoth5npGrp6RRXPL88z",
          "type": "projectCss",
          "checksum": "19d873a43cd29ae40e2d9c68ba437a3e"
        },
        {
          "assetId": "84wxoth5npGrp6RRXPL88z",
          "checksum": "d5dcbb72688a7935971d853f790bc38e",
          "type": "globalContexts"
        }
      ],
      "codegenVersion": "0.0.1"
    },
    {
      "projectId": "58GpZjZCWTaJ8AUhpCwt2K",
      "version": "3.8.0",
      "dependencies": {},
      "lang": "ts",
      "fileLocks": [
        {
          "assetId": "58GpZjZCWTaJ8AUhpCwt2K",
          "type": "projectCss",
          "checksum": "dbf25c878cd885da8866557c058b53ff"
        }
      ],
      "codegenVersion": "0.0.1"
    },
    {
      "projectId": "b9eDNiZEPvCSqD2WYWQrPJ",
      "version": "latest",
      "dependencies": {
        "58GpZjZCWTaJ8AUhpCwt2K": "3.10.0",
        "84wxoth5npGrp6RRXPL88z": "4.10.0"
      },
      "lang": "ts",
      "fileLocks": [
        {
          "type": "globalVariant",
          "assetId": "pMm3HmCz_TEcO_",
          "checksum": "a7c0545ea84b7d3f6e3e1b57db9895d9"
        },
        {
          "assetId": "b9eDNiZEPvCSqD2WYWQrPJ",
          "checksum": "3d8a6f43ebf7347157c12e0a4215eff4",
          "type": "globalContexts"
        },
        {
          "type": "renderModule",
          "assetId": "S9NZKiI8Oe6k2",
          "checksum": "422f090adcfbf7013211cbc21ce33952"
        },
        {
          "type": "cssRules",
          "assetId": "S9NZKiI8Oe6k2",
          "checksum": "422f090adcfbf7013211cbc21ce33952"
        },
        {
          "type": "renderModule",
          "assetId": "ujaKbsEdKJR_O",
          "checksum": "cd682e57be382a0e44b120e8456daf69"
        },
        {
          "type": "cssRules",
          "assetId": "ujaKbsEdKJR_O",
          "checksum": "cd682e57be382a0e44b120e8456daf69"
        },
        {
          "type": "renderModule",
          "assetId": "U8q8zPNQ6Cqsk",
          "checksum": "4bd1c72a15d7030a4d6e33ba3360fff3"
        },
        {
          "type": "cssRules",
          "assetId": "U8q8zPNQ6Cqsk",
          "checksum": "4bd1c72a15d7030a4d6e33ba3360fff3"
        },
        {
          "type": "renderModule",
          "assetId": "Msgi2616lMUHq",
          "checksum": "2ef257e267060250c1cb4dff098ed804"
        },
        {
          "type": "cssRules",
          "assetId": "Msgi2616lMUHq",
          "checksum": "2ef257e267060250c1cb4dff098ed804"
        },
        {
          "type": "renderModule",
          "assetId": "61SGjYpCYdRMcz",
          "checksum": "12e5446448a7622e942478e875262984"
        },
        {
          "type": "cssRules",
          "assetId": "61SGjYpCYdRMcz",
          "checksum": "12e5446448a7622e942478e875262984"
        },
        {
          "type": "renderModule",
          "assetId": "nbN1KsOlICFjnr",
          "checksum": "6ecb8ae23e933e6a646b2939ad17dc2f"
        },
        {
          "type": "cssRules",
          "assetId": "nbN1KsOlICFjnr",
          "checksum": "6ecb8ae23e933e6a646b2939ad17dc2f"
        },
        {
          "type": "renderModule",
          "assetId": "I_K72AJTn1AqKG",
          "checksum": "a38cf445cdad4bd1e86074ba3f8385cc"
        },
        {
          "type": "cssRules",
          "assetId": "I_K72AJTn1AqKG",
          "checksum": "a38cf445cdad4bd1e86074ba3f8385cc"
        },
        {
          "type": "renderModule",
          "assetId": "h206VdLoFLpU1T",
          "checksum": "3aa1b4123bcd151b24796aa6f35471f8"
        },
        {
          "type": "cssRules",
          "assetId": "h206VdLoFLpU1T",
          "checksum": "3aa1b4123bcd151b24796aa6f35471f8"
        },
        {
          "type": "renderModule",
          "assetId": "TDk-aeZzGqhn4i",
          "checksum": "ebec14704dc255e3542ee8b621a463da"
        },
        {
          "type": "cssRules",
          "assetId": "TDk-aeZzGqhn4i",
          "checksum": "ebec14704dc255e3542ee8b621a463da"
        },
        {
          "type": "renderModule",
          "assetId": "s5gea_spR-HZ-T",
          "checksum": "229c423b4ba42b38cf7cb6c5011d4104"
        },
        {
          "type": "cssRules",
          "assetId": "s5gea_spR-HZ-T",
          "checksum": "229c423b4ba42b38cf7cb6c5011d4104"
        },
        {
          "type": "renderModule",
          "assetId": "A76YuAnBPnNbw1",
          "checksum": "3f97701e5471bffb1cec2888a1f4dd4c"
        },
        {
          "type": "cssRules",
          "assetId": "A76YuAnBPnNbw1",
          "checksum": "3f97701e5471bffb1cec2888a1f4dd4c"
        },
        {
          "type": "renderModule",
          "assetId": "t3fhTTkD-uCWE6",
          "checksum": "1a8394cc7d03ce4ded685048e1fd0684"
        },
        {
          "type": "cssRules",
          "assetId": "t3fhTTkD-uCWE6",
          "checksum": "1a8394cc7d03ce4ded685048e1fd0684"
        },
        {
          "type": "icon",
          "assetId": "mVkzgIShYP1SI2",
          "checksum": "699dd622d448507abfc81bfae1799b98"
        },
        {
          "type": "icon",
          "assetId": "pJBbZv2T8YqeGM",
          "checksum": "dac177bbaf863e28bef62209cdb99a21"
        },
        {
          "type": "icon",
          "assetId": "Z85Y7uePdggYLU",
          "checksum": "d5daf0337f13fd12eafe5b097f5053e3"
        },
        {
          "type": "image",
          "assetId": "-1VB1-CXrJifz5",
          "checksum": "652e34ee35e6bae5a86d589f044fc2a4"
        },
        {
          "type": "image",
          "assetId": "lMlCMFzwbprXib",
          "checksum": "b8682c90a6d4e4ac56bc1cb6f89a2541"
        },
        {
          "type": "image",
          "assetId": "30XlJz8wWmL0cK",
          "checksum": "2a4654d0479bc94c18d70498915246eb"
        },
        {
          "type": "image",
          "assetId": "6qAmZyJuSC2w9o",
          "checksum": "412d560f467d9b4841baeccce7c61e47"
        },
        {
          "type": "image",
          "assetId": "l5LHmF4Wxc9iuY",
          "checksum": "36afaa7941653f0f320fb3036e7cf27d"
        },
        {
          "type": "image",
          "assetId": "1w8wZo4SGkR2RH",
          "checksum": "0fb58e84be2f74af0038a429544a7931"
        },
        {
          "type": "image",
          "assetId": "cOFe1vcFlWqxYj",
          "checksum": "d7007930436cf0ff163e1d155d62cf9d"
        },
        {
          "type": "image",
          "assetId": "uOX_fc1UKQXUlj",
          "checksum": "0ae0fb6c1b9ab618e9de5f145cfa99a7"
        },
        {
          "type": "image",
          "assetId": "uFVlDtnME5Da4h",
          "checksum": "78369492bbdeb79e6a7c6e67982475b4"
        },
        {
          "type": "image",
          "assetId": "wxb0bP73iJct0c",
          "checksum": "e2f311788c1bcab75d53a8f102c769e4"
        },
        {
          "type": "image",
          "assetId": "sVk6jiG-8kIpZJ",
          "checksum": "46f41765510b69c7ccff9ca19884994f"
        },
        {
          "type": "image",
          "assetId": "vjhiA3t8Gb1JB5",
          "checksum": "0fd5881ca974dc189261753a15662953"
        },
        {
          "type": "image",
          "assetId": "npVMsMizG",
          "checksum": "813821b887102fafdb797db6d6a02025"
        },
        {
          "type": "image",
          "assetId": "MODEIeXei",
          "checksum": "19c4bb09f268a3584cc4891f8a8946b4"
        },
        {
          "type": "renderModule",
          "assetId": "gm2WwyNce5_",
          "checksum": "45853bc0d6466922645e103907f966ef"
        },
        {
          "type": "cssRules",
          "assetId": "gm2WwyNce5_",
          "checksum": "45853bc0d6466922645e103907f966ef"
        },
        {
          "type": "renderModule",
          "assetId": "hwoYsaIzXe8",
          "checksum": "c18bf2d17d0322e6eed5108e6e1e46d2"
        },
        {
          "type": "cssRules",
          "assetId": "hwoYsaIzXe8",
          "checksum": "c18bf2d17d0322e6eed5108e6e1e46d2"
        },
        {
          "type": "renderModule",
          "assetId": "nUsdpJpVMTs",
          "checksum": "af2f21e3c7980e178bee5f55e528f970"
        },
        {
          "type": "cssRules",
          "assetId": "nUsdpJpVMTs",
          "checksum": "af2f21e3c7980e178bee5f55e528f970"
        },
        {
          "type": "image",
          "assetId": "GleagwYXg",
          "checksum": "c63155c430cc5f9f4ec8ede3517d947e"
        },
        {
          "type": "image",
          "assetId": "3AuCo4olT",
          "checksum": "a2dcbe3b236addba3a80d5dfef9ae914"
        },
        {
          "type": "image",
          "assetId": "wGxo_tCSi",
          "checksum": "ac2b39393cfe1f9644931ff7b1b421de"
        },
        {
          "type": "image",
          "assetId": "e9fshWCOY",
          "checksum": "02842247a9423f3115a6f998b9437b25"
        },
        {
          "type": "renderModule",
          "assetId": "_dWxgLopYCd",
          "checksum": "e442280d41b57f20bb70ccefa96c1173"
        },
        {
          "type": "cssRules",
          "assetId": "_dWxgLopYCd",
          "checksum": "e442280d41b57f20bb70ccefa96c1173"
        },
        {
          "type": "renderModule",
          "assetId": "YQCnuODUVIX",
          "checksum": "85ee65ea41382af23f828f6ff3160f47"
        },
        {
          "type": "cssRules",
          "assetId": "YQCnuODUVIX",
          "checksum": "85ee65ea41382af23f828f6ff3160f47"
        },
        {
          "type": "renderModule",
          "assetId": "uAr1Xy8mWfn",
          "checksum": "46e3f81a9f33cc9f7337e2db397f3b82"
        },
        {
          "type": "cssRules",
          "assetId": "uAr1Xy8mWfn",
          "checksum": "46e3f81a9f33cc9f7337e2db397f3b82"
        },
        {
          "assetId": "b9eDNiZEPvCSqD2WYWQrPJ",
          "type": "projectCss",
          "checksum": "08c329948395f258e69b08c7379ad0f3"
        }
      ],
      "codegenVersion": "0.0.1"
    }
  ],
  "cliVersion": "0.1.211"
}
