{
  "projects": [
    {
      "projectId": "84wxoth5npGrp6RRXPL88z",
      "version": "4.8.0",
      "dependencies": {},
      "lang": "ts",
      "fileLocks": [
        {
          "assetId": "84wxoth5npGrp6RRXPL88z",
          "type": "projectCss",
          "checksum": "19d873a43cd29ae40e2d9c68ba437a3e"
        },
        {
          "assetId": "84wxoth5npGrp6RRXPL88z",
          "checksum": "d5dcbb72688a7935971d853f790bc38e",
          "type": "globalContexts"
        }
      ],
      "codegenVersion": "0.0.1"
    },
    {
      "projectId": "58GpZjZCWTaJ8AUhpCwt2K",
      "version": "3.8.0",
      "dependencies": {},
      "lang": "ts",
      "fileLocks": [
        {
          "assetId": "58GpZjZCWTaJ8AUhpCwt2K",
          "type": "projectCss",
          "checksum": "dbf25c878cd885da8866557c058b53ff"
        }
      ],
      "codegenVersion": "0.0.1"
    },
    {
      "projectId": "b9eDNiZEPvCSqD2WYWQrPJ",
      "version": "latest",
      "dependencies": {
        "58GpZjZCWTaJ8AUhpCwt2K": "3.8.0",
        "84wxoth5npGrp6RRXPL88z": "4.8.0"
      },
      "lang": "ts",
      "fileLocks": [
        {
          "type": "globalVariant",
          "assetId": "pMm3HmCz_TEcO_",
          "checksum": "a7c0545ea84b7d3f6e3e1b57db9895d9"
        },
        {
          "assetId": "b9eDNiZEPvCSqD2WYWQrPJ",
          "checksum": "3d8a6f43ebf7347157c12e0a4215eff4",
          "type": "globalContexts"
        },
        {
          "type": "renderModule",
          "assetId": "S9NZKiI8Oe6k2",
          "checksum": "809ab13ab52c26b1821c70f49f35e0c3"
        },
        {
          "type": "cssRules",
          "assetId": "S9NZKiI8Oe6k2",
          "checksum": "809ab13ab52c26b1821c70f49f35e0c3"
        },
        {
          "type": "renderModule",
          "assetId": "ujaKbsEdKJR_O",
          "checksum": "6ea8d9567e017e8df25134927d5803ef"
        },
        {
          "type": "cssRules",
          "assetId": "ujaKbsEdKJR_O",
          "checksum": "6ea8d9567e017e8df25134927d5803ef"
        },
        {
          "type": "renderModule",
          "assetId": "U8q8zPNQ6Cqsk",
          "checksum": "b3b5e0ee3f0cb124f60c263c773053e7"
        },
        {
          "type": "cssRules",
          "assetId": "U8q8zPNQ6Cqsk",
          "checksum": "b3b5e0ee3f0cb124f60c263c773053e7"
        },
        {
          "type": "renderModule",
          "assetId": "Msgi2616lMUHq",
          "checksum": "2bd3a968cf3b9f4856fe2794e372e8b9"
        },
        {
          "type": "cssRules",
          "assetId": "Msgi2616lMUHq",
          "checksum": "2bd3a968cf3b9f4856fe2794e372e8b9"
        },
        {
          "type": "renderModule",
          "assetId": "61SGjYpCYdRMcz",
          "checksum": "189987c072d725b7b0eae7bde6aceade"
        },
        {
          "type": "cssRules",
          "assetId": "61SGjYpCYdRMcz",
          "checksum": "189987c072d725b7b0eae7bde6aceade"
        },
        {
          "type": "renderModule",
          "assetId": "nbN1KsOlICFjnr",
          "checksum": "dc64f5b420e4834ce9230c1d9f5346e0"
        },
        {
          "type": "cssRules",
          "assetId": "nbN1KsOlICFjnr",
          "checksum": "dc64f5b420e4834ce9230c1d9f5346e0"
        },
        {
          "type": "renderModule",
          "assetId": "I_K72AJTn1AqKG",
          "checksum": "81cd498c066b03cfdc0327da1b46ac9f"
        },
        {
          "type": "cssRules",
          "assetId": "I_K72AJTn1AqKG",
          "checksum": "81cd498c066b03cfdc0327da1b46ac9f"
        },
        {
          "type": "renderModule",
          "assetId": "h206VdLoFLpU1T",
          "checksum": "61e15f29ff9939386188964fdba8c22a"
        },
        {
          "type": "cssRules",
          "assetId": "h206VdLoFLpU1T",
          "checksum": "61e15f29ff9939386188964fdba8c22a"
        },
        {
          "type": "renderModule",
          "assetId": "TDk-aeZzGqhn4i",
          "checksum": "6290c464c4723c83f096fd815a230a1a"
        },
        {
          "type": "cssRules",
          "assetId": "TDk-aeZzGqhn4i",
          "checksum": "6290c464c4723c83f096fd815a230a1a"
        },
        {
          "type": "renderModule",
          "assetId": "s5gea_spR-HZ-T",
          "checksum": "2ec00195b7b58bb70a07205d73dac0bc"
        },
        {
          "type": "cssRules",
          "assetId": "s5gea_spR-HZ-T",
          "checksum": "2ec00195b7b58bb70a07205d73dac0bc"
        },
        {
          "type": "renderModule",
          "assetId": "A76YuAnBPnNbw1",
          "checksum": "778c1d07f57e15a9757e340b416e1199"
        },
        {
          "type": "cssRules",
          "assetId": "A76YuAnBPnNbw1",
          "checksum": "778c1d07f57e15a9757e340b416e1199"
        },
        {
          "type": "renderModule",
          "assetId": "t3fhTTkD-uCWE6",
          "checksum": "1d2456c9aa767c44a8b9c81879d46e38"
        },
        {
          "type": "cssRules",
          "assetId": "t3fhTTkD-uCWE6",
          "checksum": "1d2456c9aa767c44a8b9c81879d46e38"
        },
        {
          "type": "icon",
          "assetId": "mVkzgIShYP1SI2",
          "checksum": "699dd622d448507abfc81bfae1799b98"
        },
        {
          "type": "icon",
          "assetId": "pJBbZv2T8YqeGM",
          "checksum": "dac177bbaf863e28bef62209cdb99a21"
        },
        {
          "type": "icon",
          "assetId": "Z85Y7uePdggYLU",
          "checksum": "d5daf0337f13fd12eafe5b097f5053e3"
        },
        {
          "type": "image",
          "assetId": "-1VB1-CXrJifz5",
          "checksum": "652e34ee35e6bae5a86d589f044fc2a4"
        },
        {
          "type": "image",
          "assetId": "lMlCMFzwbprXib",
          "checksum": "b8682c90a6d4e4ac56bc1cb6f89a2541"
        },
        {
          "type": "image",
          "assetId": "30XlJz8wWmL0cK",
          "checksum": "2a4654d0479bc94c18d70498915246eb"
        },
        {
          "type": "image",
          "assetId": "6qAmZyJuSC2w9o",
          "checksum": "412d560f467d9b4841baeccce7c61e47"
        },
        {
          "type": "image",
          "assetId": "l5LHmF4Wxc9iuY",
          "checksum": "36afaa7941653f0f320fb3036e7cf27d"
        },
        {
          "type": "image",
          "assetId": "1w8wZo4SGkR2RH",
          "checksum": "0fb58e84be2f74af0038a429544a7931"
        },
        {
          "type": "image",
          "assetId": "cOFe1vcFlWqxYj",
          "checksum": "d7007930436cf0ff163e1d155d62cf9d"
        },
        {
          "type": "image",
          "assetId": "uOX_fc1UKQXUlj",
          "checksum": "0ae0fb6c1b9ab618e9de5f145cfa99a7"
        },
        {
          "type": "image",
          "assetId": "uFVlDtnME5Da4h",
          "checksum": "78369492bbdeb79e6a7c6e67982475b4"
        },
        {
          "type": "image",
          "assetId": "wxb0bP73iJct0c",
          "checksum": "e2f311788c1bcab75d53a8f102c769e4"
        },
        {
          "type": "image",
          "assetId": "sVk6jiG-8kIpZJ",
          "checksum": "46f41765510b69c7ccff9ca19884994f"
        },
        {
          "type": "image",
          "assetId": "vjhiA3t8Gb1JB5",
          "checksum": "0fd5881ca974dc189261753a15662953"
        },
        {
          "assetId": "b9eDNiZEPvCSqD2WYWQrPJ",
          "type": "projectCss",
          "checksum": "08c329948395f258e69b08c7379ad0f3"
        }
      ],
      "codegenVersion": "0.0.1"
    }
  ],
  "cliVersion": "0.1.211"
}
